%{"io_ansi_table": {:hex, :io_ansi_table, "0.1.3", "3b83da6e2bc4d919ccf46ebba6c6b52398e386084d318eb9456deb49afc0f367", [:mix], []},
  "socket": {:hex, :socket, "0.3.7", "68c029a8449fc6efc5f4c3bdf6d8b19ca94d3304e419f364c5cfc8b716f7c219", [:mix], []},
  "table_rex": {:hex, :table_rex, "0.10.0", "d981954370c00645c32ff7719c105db90ba6a9aa3e951c4d68eaeae3e0bfd40f", [:mix], []}}
